
Microsoft Visual Studio Solution File, Format Version 12.00
# Visual Studio Version 17
VisualStudioVersion = 17.5.33627.172
MinimumVisualStudioVersion = 10.0.40219.1
Project("{6989167D-11E4-40FE-8C1A-2192A86A7E90}") = "DemagField", "source\DemagField\DemagField\DemagField.vfproj", "{982041ED-A185-4F5C-9926-AD8E0941B6D0}"
	ProjectSection(ProjectDependencies) = postProject
		{492B3D0E-197B-4119-9331-4B36E8205074} = {492B3D0E-197B-4119-9331-4B36E8205074}
		{B0835ED5-D7CE-4A15-8EB1-66739151CA32} = {B0835ED5-D7CE-4A15-8EB1-66739151CA32}
	EndProjectSection
EndProject
Project("{6989167D-11E4-40FE-8C1A-2192A86A7E90}") = "NumericalIntegration", "source\NumericalIntegration\NumericalIntegration\NumericalIntegration.vfproj", "{B0835ED5-D7CE-4A15-8EB1-66739151CA32}"
EndProject
Project("{6989167D-11E4-40FE-8C1A-2192A86A7E90}") = "TileDemagTensor", "source\TileDemagTensor\TileDemagTensor\TileDemagTensor.vfproj", "{492B3D0E-197B-4119-9331-4B36E8205074}"
	ProjectSection(ProjectDependencies) = postProject
		{B0835ED5-D7CE-4A15-8EB1-66739151CA32} = {B0835ED5-D7CE-4A15-8EB1-66739151CA32}
	EndProjectSection
EndProject
Project("{6989167D-11E4-40FE-8C1A-2192A86A7E90}") = "MagTense_StandAlone", "source\MagTense_StandAlone\MagTense_StandAlone\MagTense_StandAlone.vfproj", "{0A26DC6C-7534-4D77-B463-800D7199DD0C}"
	ProjectSection(ProjectDependencies) = postProject
		{492B3D0E-197B-4119-9331-4B36E8205074} = {492B3D0E-197B-4119-9331-4B36E8205074}
		{B0835ED5-D7CE-4A15-8EB1-66739151CA32} = {B0835ED5-D7CE-4A15-8EB1-66739151CA32}
		{982041ED-A185-4F5C-9926-AD8E0941B6D0} = {982041ED-A185-4F5C-9926-AD8E0941B6D0}
	EndProjectSection
EndProject
Project("{6989167D-11E4-40FE-8C1A-2192A86A7E90}") = "MagneticForceIntegrator", "source\MagneticForceIntegrator\MagneticForceIntegrator\MagneticForceIntegrator.vfproj", "{29D23C66-59FB-4DB5-82EB-FA42BB059B55}"
	ProjectSection(ProjectDependencies) = postProject
		{492B3D0E-197B-4119-9331-4B36E8205074} = {492B3D0E-197B-4119-9331-4B36E8205074}
		{0A26DC6C-7534-4D77-B463-800D7199DD0C} = {0A26DC6C-7534-4D77-B463-800D7199DD0C}
		{B0835ED5-D7CE-4A15-8EB1-66739151CA32} = {B0835ED5-D7CE-4A15-8EB1-66739151CA32}
		{982041ED-A185-4F5C-9926-AD8E0941B6D0} = {982041ED-A185-4F5C-9926-AD8E0941B6D0}
	EndProjectSection
EndProject
Project("{6989167D-11E4-40FE-8C1A-2192A86A7E90}") = "MagTenseMicroMag", "source\MagTenseMicroMag\MagTenseMicroMag.vfproj", "{5BABA548-4CB8-4DE7-AB76-30503578B7AF}"
	ProjectSection(ProjectDependencies) = postProject
		{492B3D0E-197B-4119-9331-4B36E8205074} = {492B3D0E-197B-4119-9331-4B36E8205074}
		{B0835ED5-D7CE-4A15-8EB1-66739151CA32} = {B0835ED5-D7CE-4A15-8EB1-66739151CA32}
		{982041ED-A185-4F5C-9926-AD8E0941B6D0} = {982041ED-A185-4F5C-9926-AD8E0941B6D0}
	EndProjectSection
EndProject
Global
	GlobalSection(SolutionConfigurationPlatforms) = preSolution
		Debug_no_CUDA_no_CVODE|x64 = Debug_no_CUDA_no_CVODE|x64
		Debug_no_CUDA|x64 = Debug_no_CUDA|x64
		Debug_no_CVODE|x64 = Debug_no_CVODE|x64
		Debug|x64 = Debug|x64
		Release_no_CUDA_no_CVODE|x64 = Release_no_CUDA_no_CVODE|x64
		Release_no_CUDA|x64 = Release_no_CUDA|x64
		Release_no_CVODE|x64 = Release_no_CVODE|x64
		Release_Standalone_exe|x64 = Release_Standalone_exe|x64
		Release|x64 = Release|x64
	EndGlobalSection
	GlobalSection(ProjectConfigurationPlatforms) = postSolution
		{982041ED-A185-4F5C-9926-AD8E0941B6D0}.Debug_no_CUDA_no_CVODE|x64.ActiveCfg = Debug_no_CVODE|x64
		{982041ED-A185-4F5C-9926-AD8E0941B6D0}.Debug_no_CUDA_no_CVODE|x64.Build.0 = Debug_no_CVODE|x64
		{982041ED-A185-4F5C-9926-AD8E0941B6D0}.Debug_no_CUDA|x64.ActiveCfg = Debug|x64
		{982041ED-A185-4F5C-9926-AD8E0941B6D0}.Debug_no_CUDA|x64.Build.0 = Debug|x64
		{982041ED-A185-4F5C-9926-AD8E0941B6D0}.Debug_no_CVODE|x64.ActiveCfg = Debug_no_CVODE|x64
		{982041ED-A185-4F5C-9926-AD8E0941B6D0}.Debug_no_CVODE|x64.Build.0 = Debug_no_CVODE|x64
		{982041ED-A185-4F5C-9926-AD8E0941B6D0}.Debug|x64.ActiveCfg = Debug|x64
		{982041ED-A185-4F5C-9926-AD8E0941B6D0}.Debug|x64.Build.0 = Debug|x64
		{982041ED-A185-4F5C-9926-AD8E0941B6D0}.Release_no_CUDA_no_CVODE|x64.ActiveCfg = Release_no_CVODE|x64
		{982041ED-A185-4F5C-9926-AD8E0941B6D0}.Release_no_CUDA_no_CVODE|x64.Build.0 = Release_no_CVODE|x64
		{982041ED-A185-4F5C-9926-AD8E0941B6D0}.Release_no_CUDA|x64.ActiveCfg = Release|x64
		{982041ED-A185-4F5C-9926-AD8E0941B6D0}.Release_no_CUDA|x64.Build.0 = Release|x64
		{982041ED-A185-4F5C-9926-AD8E0941B6D0}.Release_no_CVODE|x64.ActiveCfg = Release_no_CVODE|x64
		{982041ED-A185-4F5C-9926-AD8E0941B6D0}.Release_no_CVODE|x64.Build.0 = Release_no_CVODE|x64
		{982041ED-A185-4F5C-9926-AD8E0941B6D0}.Release_Standalone_exe|x64.ActiveCfg = Release_Standalone_exe|x64
		{982041ED-A185-4F5C-9926-AD8E0941B6D0}.Release_Standalone_exe|x64.Build.0 = Release_Standalone_exe|x64
		{982041ED-A185-4F5C-9926-AD8E0941B6D0}.Release|x64.ActiveCfg = Release|x64
		{982041ED-A185-4F5C-9926-AD8E0941B6D0}.Release|x64.Build.0 = Release|x64
		{B0835ED5-D7CE-4A15-8EB1-66739151CA32}.Debug_no_CUDA_no_CVODE|x64.ActiveCfg = Debug_no_CVODE|x64
		{B0835ED5-D7CE-4A15-8EB1-66739151CA32}.Debug_no_CUDA_no_CVODE|x64.Build.0 = Debug_no_CVODE|x64
		{B0835ED5-D7CE-4A15-8EB1-66739151CA32}.Debug_no_CUDA|x64.ActiveCfg = Debug|x64
		{B0835ED5-D7CE-4A15-8EB1-66739151CA32}.Debug_no_CUDA|x64.Build.0 = Debug|x64
		{B0835ED5-D7CE-4A15-8EB1-66739151CA32}.Debug_no_CVODE|x64.ActiveCfg = Debug_no_CVODE|x64
		{B0835ED5-D7CE-4A15-8EB1-66739151CA32}.Debug_no_CVODE|x64.Build.0 = Debug_no_CVODE|x64
		{B0835ED5-D7CE-4A15-8EB1-66739151CA32}.Debug|x64.ActiveCfg = Debug|x64
		{B0835ED5-D7CE-4A15-8EB1-66739151CA32}.Debug|x64.Build.0 = Debug|x64
		{B0835ED5-D7CE-4A15-8EB1-66739151CA32}.Release_no_CUDA_no_CVODE|x64.ActiveCfg = Release_no_CVODE|x64
		{B0835ED5-D7CE-4A15-8EB1-66739151CA32}.Release_no_CUDA_no_CVODE|x64.Build.0 = Release_no_CVODE|x64
		{B0835ED5-D7CE-4A15-8EB1-66739151CA32}.Release_no_CUDA|x64.ActiveCfg = Release|x64
		{B0835ED5-D7CE-4A15-8EB1-66739151CA32}.Release_no_CUDA|x64.Build.0 = Release|x64
		{B0835ED5-D7CE-4A15-8EB1-66739151CA32}.Release_no_CVODE|x64.ActiveCfg = Release_no_CVODE|x64
		{B0835ED5-D7CE-4A15-8EB1-66739151CA32}.Release_no_CVODE|x64.Build.0 = Release_no_CVODE|x64
		{B0835ED5-D7CE-4A15-8EB1-66739151CA32}.Release_Standalone_exe|x64.ActiveCfg = Release_Standalone_exe|x64
		{B0835ED5-D7CE-4A15-8EB1-66739151CA32}.Release_Standalone_exe|x64.Build.0 = Release_Standalone_exe|x64
		{B0835ED5-D7CE-4A15-8EB1-66739151CA32}.Release|x64.ActiveCfg = Release|x64
		{B0835ED5-D7CE-4A15-8EB1-66739151CA32}.Release|x64.Build.0 = Release|x64
		{492B3D0E-197B-4119-9331-4B36E8205074}.Debug_no_CUDA_no_CVODE|x64.ActiveCfg = Debug_no_CVODE|x64
		{492B3D0E-197B-4119-9331-4B36E8205074}.Debug_no_CUDA_no_CVODE|x64.Build.0 = Debug_no_CVODE|x64
		{492B3D0E-197B-4119-9331-4B36E8205074}.Debug_no_CUDA|x64.ActiveCfg = Debug|x64
		{492B3D0E-197B-4119-9331-4B36E8205074}.Debug_no_CUDA|x64.Build.0 = Debug|x64
		{492B3D0E-197B-4119-9331-4B36E8205074}.Debug_no_CVODE|x64.ActiveCfg = Debug_no_CVODE|x64
		{492B3D0E-197B-4119-9331-4B36E8205074}.Debug_no_CVODE|x64.Build.0 = Debug_no_CVODE|x64
		{492B3D0E-197B-4119-9331-4B36E8205074}.Debug|x64.ActiveCfg = Debug|x64
		{492B3D0E-197B-4119-9331-4B36E8205074}.Debug|x64.Build.0 = Debug|x64
		{492B3D0E-197B-4119-9331-4B36E8205074}.Release_no_CUDA_no_CVODE|x64.ActiveCfg = Release_no_CVODE|x64
		{492B3D0E-197B-4119-9331-4B36E8205074}.Release_no_CUDA_no_CVODE|x64.Build.0 = Release_no_CVODE|x64
		{492B3D0E-197B-4119-9331-4B36E8205074}.Release_no_CUDA|x64.ActiveCfg = Release|x64
		{492B3D0E-197B-4119-9331-4B36E8205074}.Release_no_CUDA|x64.Build.0 = Release|x64
		{492B3D0E-197B-4119-9331-4B36E8205074}.Release_no_CVODE|x64.ActiveCfg = Release_no_CVODE|x64
		{492B3D0E-197B-4119-9331-4B36E8205074}.Release_no_CVODE|x64.Build.0 = Release_no_CVODE|x64
		{492B3D0E-197B-4119-9331-4B36E8205074}.Release_Standalone_exe|x64.ActiveCfg = Release_Standalone_exe|x64
		{492B3D0E-197B-4119-9331-4B36E8205074}.Release_Standalone_exe|x64.Build.0 = Release_Standalone_exe|x64
		{492B3D0E-197B-4119-9331-4B36E8205074}.Release|x64.ActiveCfg = Release|x64
		{492B3D0E-197B-4119-9331-4B36E8205074}.Release|x64.Build.0 = Release|x64
		{0A26DC6C-7534-4D77-B463-800D7199DD0C}.Debug_no_CUDA_no_CVODE|x64.ActiveCfg = Debug_no_CVODE|x64
		{0A26DC6C-7534-4D77-B463-800D7199DD0C}.Debug_no_CUDA|x64.ActiveCfg = Debug|x64
		{0A26DC6C-7534-4D77-B463-800D7199DD0C}.Debug_no_CVODE|x64.ActiveCfg = Debug_no_CVODE|x64
		{0A26DC6C-7534-4D77-B463-800D7199DD0C}.Debug|x64.ActiveCfg = Debug|x64
		{0A26DC6C-7534-4D77-B463-800D7199DD0C}.Release_no_CUDA_no_CVODE|x64.ActiveCfg = Release_no_CVODE|x64
		{0A26DC6C-7534-4D77-B463-800D7199DD0C}.Release_no_CUDA|x64.ActiveCfg = Release|x64
		{0A26DC6C-7534-4D77-B463-800D7199DD0C}.Release_no_CVODE|x64.ActiveCfg = Release_no_CVODE|x64
		{0A26DC6C-7534-4D77-B463-800D7199DD0C}.Release_Standalone_exe|x64.ActiveCfg = Release_Standalone_exe|x64
		{0A26DC6C-7534-4D77-B463-800D7199DD0C}.Release_Standalone_exe|x64.Build.0 = Release_Standalone_exe|x64
		{0A26DC6C-7534-4D77-B463-800D7199DD0C}.Release|x64.ActiveCfg = Release|x64
		{29D23C66-59FB-4DB5-82EB-FA42BB059B55}.Debug_no_CUDA_no_CVODE|x64.ActiveCfg = Debug_no_CVODE|x64
		{29D23C66-59FB-4DB5-82EB-FA42BB059B55}.Debug_no_CUDA_no_CVODE|x64.Build.0 = Debug_no_CVODE|x64
		{29D23C66-59FB-4DB5-82EB-FA42BB059B55}.Debug_no_CUDA|x64.ActiveCfg = Debug|x64
		{29D23C66-59FB-4DB5-82EB-FA42BB059B55}.Debug_no_CUDA|x64.Build.0 = Debug|x64
		{29D23C66-59FB-4DB5-82EB-FA42BB059B55}.Debug_no_CVODE|x64.ActiveCfg = Debug_no_CVODE|x64
		{29D23C66-59FB-4DB5-82EB-FA42BB059B55}.Debug_no_CVODE|x64.Build.0 = Debug_no_CVODE|x64
		{29D23C66-59FB-4DB5-82EB-FA42BB059B55}.Debug|x64.ActiveCfg = Debug|x64
		{29D23C66-59FB-4DB5-82EB-FA42BB059B55}.Debug|x64.Build.0 = Debug|x64
		{29D23C66-59FB-4DB5-82EB-FA42BB059B55}.Release_no_CUDA_no_CVODE|x64.ActiveCfg = Release_no_CVODE|x64
		{29D23C66-59FB-4DB5-82EB-FA42BB059B55}.Release_no_CUDA_no_CVODE|x64.Build.0 = Release_no_CVODE|x64
		{29D23C66-59FB-4DB5-82EB-FA42BB059B55}.Release_no_CUDA|x64.ActiveCfg = Release|x64
		{29D23C66-59FB-4DB5-82EB-FA42BB059B55}.Release_no_CUDA|x64.Build.0 = Release|x64
		{29D23C66-59FB-4DB5-82EB-FA42BB059B55}.Release_no_CVODE|x64.ActiveCfg = Release_no_CVODE|x64
		{29D23C66-59FB-4DB5-82EB-FA42BB059B55}.Release_no_CVODE|x64.Build.0 = Release_no_CVODE|x64
		{29D23C66-59FB-4DB5-82EB-FA42BB059B55}.Release_Standalone_exe|x64.ActiveCfg = Release_Standalone_exe|x64
		{29D23C66-59FB-4DB5-82EB-FA42BB059B55}.Release_Standalone_exe|x64.Build.0 = Release_Standalone_exe|x64
		{29D23C66-59FB-4DB5-82EB-FA42BB059B55}.Release|x64.ActiveCfg = Release|x64
		{29D23C66-59FB-4DB5-82EB-FA42BB059B55}.Release|x64.Build.0 = Release|x64
		{7752492A-B108-4561-AF62-8020AB157F2D}.Debug_no_CUDA_no_CVODE|x64.ActiveCfg = Debug_no_CVODE|x64
		{7752492A-B108-4561-AF62-8020AB157F2D}.Debug_no_CUDA_no_CVODE|x64.Build.0 = Debug_no_CVODE|x64
		{7752492A-B108-4561-AF62-8020AB157F2D}.Debug_no_CUDA|x64.ActiveCfg = Debug|x64
		{7752492A-B108-4561-AF62-8020AB157F2D}.Debug_no_CUDA|x64.Build.0 = Debug|x64
		{7752492A-B108-4561-AF62-8020AB157F2D}.Debug_no_CVODE|x64.ActiveCfg = Debug_no_CVODE|x64
		{7752492A-B108-4561-AF62-8020AB157F2D}.Debug_no_CVODE|x64.Build.0 = Debug_no_CVODE|x64
		{7752492A-B108-4561-AF62-8020AB157F2D}.Debug|x64.ActiveCfg = Debug|x64
		{7752492A-B108-4561-AF62-8020AB157F2D}.Debug|x64.Build.0 = Debug|x64
		{7752492A-B108-4561-AF62-8020AB157F2D}.Release_no_CUDA_no_CVODE|x64.ActiveCfg = Release_no_CVODE|x64
		{7752492A-B108-4561-AF62-8020AB157F2D}.Release_no_CUDA_no_CVODE|x64.Build.0 = Release_no_CVODE|x64
		{7752492A-B108-4561-AF62-8020AB157F2D}.Release_no_CUDA|x64.ActiveCfg = Release|x64
		{7752492A-B108-4561-AF62-8020AB157F2D}.Release_no_CUDA|x64.Build.0 = Release|x64
		{7752492A-B108-4561-AF62-8020AB157F2D}.Release_no_CVODE|x64.ActiveCfg = Release_no_CVODE|x64
		{7752492A-B108-4561-AF62-8020AB157F2D}.Release_no_CVODE|x64.Build.0 = Release_no_CVODE|x64
		{7752492A-B108-4561-AF62-8020AB157F2D}.Release_Standalone_exe|x64.ActiveCfg = Release_Standalone_exe|x64
		{7752492A-B108-4561-AF62-8020AB157F2D}.Release_Standalone_exe|x64.Build.0 = Release_Standalone_exe|x64
		{7752492A-B108-4561-AF62-8020AB157F2D}.Release|x64.ActiveCfg = Release|x64
		{7752492A-B108-4561-AF62-8020AB157F2D}.Release|x64.Build.0 = Release|x64
		{5BABA548-4CB8-4DE7-AB76-30503578B7AF}.Debug_no_CUDA_no_CVODE|x64.ActiveCfg = Debug_no_CUDA_no_CVODE|x64
		{5BABA548-4CB8-4DE7-AB76-30503578B7AF}.Debug_no_CUDA_no_CVODE|x64.Build.0 = Debug_no_CUDA_no_CVODE|x64
		{5BABA548-4CB8-4DE7-AB76-30503578B7AF}.Debug_no_CUDA|x64.ActiveCfg = Debug_no_CUDA|x64
		{5BABA548-4CB8-4DE7-AB76-30503578B7AF}.Debug_no_CUDA|x64.Build.0 = Debug_no_CUDA|x64
		{5BABA548-4CB8-4DE7-AB76-30503578B7AF}.Debug_no_CVODE|x64.ActiveCfg = Debug_no_CVODE|x64
		{5BABA548-4CB8-4DE7-AB76-30503578B7AF}.Debug_no_CVODE|x64.Build.0 = Debug_no_CVODE|x64
		{5BABA548-4CB8-4DE7-AB76-30503578B7AF}.Debug|x64.ActiveCfg = Debug|x64
		{5BABA548-4CB8-4DE7-AB76-30503578B7AF}.Debug|x64.Build.0 = Debug|x64
		{5BABA548-4CB8-4DE7-AB76-30503578B7AF}.Release_no_CUDA_no_CVODE|x64.ActiveCfg = Release_no_CUDA_no_CVODE|x64
		{5BABA548-4CB8-4DE7-AB76-30503578B7AF}.Release_no_CUDA_no_CVODE|x64.Build.0 = Release_no_CUDA_no_CVODE|x64
		{5BABA548-4CB8-4DE7-AB76-30503578B7AF}.Release_no_CUDA|x64.ActiveCfg = Release_no_CUDA|x64
		{5BABA548-4CB8-4DE7-AB76-30503578B7AF}.Release_no_CUDA|x64.Build.0 = Release_no_CUDA|x64
		{5BABA548-4CB8-4DE7-AB76-30503578B7AF}.Release_no_CVODE|x64.ActiveCfg = Release_no_CVODE|x64
		{5BABA548-4CB8-4DE7-AB76-30503578B7AF}.Release_no_CVODE|x64.Build.0 = Release_no_CVODE|x64
		{5BABA548-4CB8-4DE7-AB76-30503578B7AF}.Release_Standalone_exe|x64.ActiveCfg = Release_Standalone_exe|x64
		{5BABA548-4CB8-4DE7-AB76-30503578B7AF}.Release_Standalone_exe|x64.Build.0 = Release_Standalone_exe|x64
		{5BABA548-4CB8-4DE7-AB76-30503578B7AF}.Release|x64.ActiveCfg = Release|x64
		{5BABA548-4CB8-4DE7-AB76-30503578B7AF}.Release|x64.Build.0 = Release|x64
	EndGlobalSection
	GlobalSection(SolutionProperties) = preSolution
		HideSolutionNode = FALSE
	EndGlobalSection
	GlobalSection(ExtensibilityGlobals) = postSolution
		SolutionGuid = {039A6B22-FD70-4BAA-A4E9-3364A1403C78}
	EndGlobalSection
EndGlobal
