
Microsoft Visual Studio Solution File, Format Version 11.00
# Visual Studio 2010
Project("{6989167D-11E4-40FE-8C1A-2192A86A7E90}") = "BR_LIB_Matlab", "BR_LIB_Matlab\BR_LIB_Matlab.vfproj", "{3C194EE1-3F1E-4FBA-990A-BE113A24E562}"
EndProject
Global
	GlobalSection(SolutionConfigurationPlatforms) = preSolution
		Debug|Win32 = Debug|Win32
		Release|Win32 = Release|Win32
	EndGlobalSection
	GlobalSection(ProjectConfigurationPlatforms) = postSolution
		{3C194EE1-3F1E-4FBA-990A-BE113A24E562}.Debug|Win32.ActiveCfg = Debug|Win32
		{3C194EE1-3F1E-4FBA-990A-BE113A24E562}.Debug|Win32.Build.0 = Debug|Win32
		{3C194EE1-3F1E-4FBA-990A-BE113A24E562}.Release|Win32.ActiveCfg = Release|Win32
		{3C194EE1-3F1E-4FBA-990A-BE113A24E562}.Release|Win32.Build.0 = Release|Win32
	EndGlobalSection
	GlobalSection(SolutionProperties) = preSolution
		HideSolutionNode = FALSE
	EndGlobalSection
EndGlobal
