
Microsoft Visual Studio Solution File, Format Version 12.00
# Visual Studio 15
VisualStudioVersion = 15.0.27130.2010
MinimumVisualStudioVersion = 10.0.40219.1
Project("{6989167D-11E4-40FE-8C1A-2192A86A7E90}") = "SpecialFunctions", "..\SpecialFunctions\SpecialFunctions\SpecialFunctions.vfproj", "{AF657636-CE0C-46E7-A120-B298E3F31E8B}"
EndProject
Project("{6989167D-11E4-40FE-8C1A-2192A86A7E90}") = "NumericalRecipes", "..\NumericalRecipes\NumericalRecipes\NumericalRecipes.vfproj", "{8E741223-89C0-4FF6-8494-90473CAAC362}"
EndProject
Project("{6989167D-11E4-40FE-8C1A-2192A86A7E90}") = "NumericalIntegration", "..\NumericalIntegrationLib\NumericalIntegration\NumericalIntegration\NumericalIntegration.vfproj", "{B0835ED5-D7CE-4A15-8EB1-66739151CA32}"
	ProjectSection(ProjectDependencies) = postProject
		{8E741223-89C0-4FF6-8494-90473CAAC362} = {8E741223-89C0-4FF6-8494-90473CAAC362}
	EndProjectSection
EndProject
Project("{6989167D-11E4-40FE-8C1A-2192A86A7E90}") = "TileDemagTensor", "..\TileDemagTensor\TileDemagTensor\TileDemagTensor\TileDemagTensor.vfproj", "{492B3D0E-197B-4119-9331-4B36E8205074}"
	ProjectSection(ProjectDependencies) = postProject
		{AF657636-CE0C-46E7-A120-B298E3F31E8B} = {AF657636-CE0C-46E7-A120-B298E3F31E8B}
	EndProjectSection
EndProject
Project("{6989167D-11E4-40FE-8C1A-2192A86A7E90}") = "MagStatVersion2", "..\MagStatPrisms2\MagStatVersion2\MagStatVersion2\MagStatVersion2.vfproj", "{982041ED-A185-4F5C-9926-AD8E0941B6D0}"
	ProjectSection(ProjectDependencies) = postProject
		{492B3D0E-197B-4119-9331-4B36E8205074} = {492B3D0E-197B-4119-9331-4B36E8205074}
		{8E741223-89C0-4FF6-8494-90473CAAC362} = {8E741223-89C0-4FF6-8494-90473CAAC362}
		{AF657636-CE0C-46E7-A120-B298E3F31E8B} = {AF657636-CE0C-46E7-A120-B298E3F31E8B}
		{B0835ED5-D7CE-4A15-8EB1-66739151CA32} = {B0835ED5-D7CE-4A15-8EB1-66739151CA32}
	EndProjectSection
EndProject
Project("{6989167D-11E4-40FE-8C1A-2192A86A7E90}") = "OI_MagStat_StandAlone", "..\OI_MagStat_StandAlone\OI_MagStat_StandAlone\OI_MagStat_StandAlone.vfproj", "{0A26DC6C-7534-4D77-B463-800D7199DD0C}"
	ProjectSection(ProjectDependencies) = postProject
		{492B3D0E-197B-4119-9331-4B36E8205074} = {492B3D0E-197B-4119-9331-4B36E8205074}
		{8E741223-89C0-4FF6-8494-90473CAAC362} = {8E741223-89C0-4FF6-8494-90473CAAC362}
		{AF657636-CE0C-46E7-A120-B298E3F31E8B} = {AF657636-CE0C-46E7-A120-B298E3F31E8B}
		{B0835ED5-D7CE-4A15-8EB1-66739151CA32} = {B0835ED5-D7CE-4A15-8EB1-66739151CA32}
		{982041ED-A185-4F5C-9926-AD8E0941B6D0} = {982041ED-A185-4F5C-9926-AD8E0941B6D0}
	EndProjectSection
EndProject
Global
	GlobalSection(SolutionConfigurationPlatforms) = preSolution
		Debug|x64 = Debug|x64
		Debug|x86 = Debug|x86
		Release|x64 = Release|x64
		Release|x86 = Release|x86
	EndGlobalSection
	GlobalSection(ProjectConfigurationPlatforms) = postSolution
		{AF657636-CE0C-46E7-A120-B298E3F31E8B}.Debug|x64.ActiveCfg = Debug|x64
		{AF657636-CE0C-46E7-A120-B298E3F31E8B}.Debug|x64.Build.0 = Debug|x64
		{AF657636-CE0C-46E7-A120-B298E3F31E8B}.Debug|x86.ActiveCfg = Debug|Win32
		{AF657636-CE0C-46E7-A120-B298E3F31E8B}.Debug|x86.Build.0 = Debug|Win32
		{AF657636-CE0C-46E7-A120-B298E3F31E8B}.Release|x64.ActiveCfg = Release|x64
		{AF657636-CE0C-46E7-A120-B298E3F31E8B}.Release|x64.Build.0 = Release|x64
		{AF657636-CE0C-46E7-A120-B298E3F31E8B}.Release|x86.ActiveCfg = Release|Win32
		{AF657636-CE0C-46E7-A120-B298E3F31E8B}.Release|x86.Build.0 = Release|Win32
		{8E741223-89C0-4FF6-8494-90473CAAC362}.Debug|x64.ActiveCfg = Debug|x64
		{8E741223-89C0-4FF6-8494-90473CAAC362}.Debug|x64.Build.0 = Debug|x64
		{8E741223-89C0-4FF6-8494-90473CAAC362}.Debug|x86.ActiveCfg = Debug|Win32
		{8E741223-89C0-4FF6-8494-90473CAAC362}.Debug|x86.Build.0 = Debug|Win32
		{8E741223-89C0-4FF6-8494-90473CAAC362}.Release|x64.ActiveCfg = Release|x64
		{8E741223-89C0-4FF6-8494-90473CAAC362}.Release|x64.Build.0 = Release|x64
		{8E741223-89C0-4FF6-8494-90473CAAC362}.Release|x86.ActiveCfg = Release|Win32
		{8E741223-89C0-4FF6-8494-90473CAAC362}.Release|x86.Build.0 = Release|Win32
		{B0835ED5-D7CE-4A15-8EB1-66739151CA32}.Debug|x64.ActiveCfg = Debug|x64
		{B0835ED5-D7CE-4A15-8EB1-66739151CA32}.Debug|x64.Build.0 = Debug|x64
		{B0835ED5-D7CE-4A15-8EB1-66739151CA32}.Debug|x86.ActiveCfg = Debug|Win32
		{B0835ED5-D7CE-4A15-8EB1-66739151CA32}.Debug|x86.Build.0 = Debug|Win32
		{B0835ED5-D7CE-4A15-8EB1-66739151CA32}.Release|x64.ActiveCfg = Release|x64
		{B0835ED5-D7CE-4A15-8EB1-66739151CA32}.Release|x64.Build.0 = Release|x64
		{B0835ED5-D7CE-4A15-8EB1-66739151CA32}.Release|x86.ActiveCfg = Release|Win32
		{B0835ED5-D7CE-4A15-8EB1-66739151CA32}.Release|x86.Build.0 = Release|Win32
		{492B3D0E-197B-4119-9331-4B36E8205074}.Debug|x64.ActiveCfg = Debug|x64
		{492B3D0E-197B-4119-9331-4B36E8205074}.Debug|x64.Build.0 = Debug|x64
		{492B3D0E-197B-4119-9331-4B36E8205074}.Debug|x86.ActiveCfg = Debug|Win32
		{492B3D0E-197B-4119-9331-4B36E8205074}.Debug|x86.Build.0 = Debug|Win32
		{492B3D0E-197B-4119-9331-4B36E8205074}.Release|x64.ActiveCfg = Release|x64
		{492B3D0E-197B-4119-9331-4B36E8205074}.Release|x64.Build.0 = Release|x64
		{492B3D0E-197B-4119-9331-4B36E8205074}.Release|x86.ActiveCfg = Release|Win32
		{492B3D0E-197B-4119-9331-4B36E8205074}.Release|x86.Build.0 = Release|Win32
		{982041ED-A185-4F5C-9926-AD8E0941B6D0}.Debug|x64.ActiveCfg = Debug|x64
		{982041ED-A185-4F5C-9926-AD8E0941B6D0}.Debug|x64.Build.0 = Debug|x64
		{982041ED-A185-4F5C-9926-AD8E0941B6D0}.Debug|x86.ActiveCfg = Debug|Win32
		{982041ED-A185-4F5C-9926-AD8E0941B6D0}.Debug|x86.Build.0 = Debug|Win32
		{982041ED-A185-4F5C-9926-AD8E0941B6D0}.Release|x64.ActiveCfg = Release|x64
		{982041ED-A185-4F5C-9926-AD8E0941B6D0}.Release|x64.Build.0 = Release|x64
		{982041ED-A185-4F5C-9926-AD8E0941B6D0}.Release|x86.ActiveCfg = Release|Win32
		{982041ED-A185-4F5C-9926-AD8E0941B6D0}.Release|x86.Build.0 = Release|Win32
		{0A26DC6C-7534-4D77-B463-800D7199DD0C}.Debug|x64.ActiveCfg = Debug|x64
		{0A26DC6C-7534-4D77-B463-800D7199DD0C}.Debug|x64.Build.0 = Debug|x64
		{0A26DC6C-7534-4D77-B463-800D7199DD0C}.Debug|x86.ActiveCfg = Debug|Win32
		{0A26DC6C-7534-4D77-B463-800D7199DD0C}.Debug|x86.Build.0 = Debug|Win32
		{0A26DC6C-7534-4D77-B463-800D7199DD0C}.Release|x64.ActiveCfg = Release|x64
		{0A26DC6C-7534-4D77-B463-800D7199DD0C}.Release|x64.Build.0 = Release|x64
		{0A26DC6C-7534-4D77-B463-800D7199DD0C}.Release|x86.ActiveCfg = Release|Win32
		{0A26DC6C-7534-4D77-B463-800D7199DD0C}.Release|x86.Build.0 = Release|Win32
	EndGlobalSection
	GlobalSection(SolutionProperties) = preSolution
		HideSolutionNode = FALSE
	EndGlobalSection
	GlobalSection(ExtensibilityGlobals) = postSolution
		SolutionGuid = {039A6B22-FD70-4BAA-A4E9-3364A1403C78}
	EndGlobalSection
EndGlobal
