
Microsoft Visual Studio Solution File, Format Version 12.00
# Visual Studio 15
VisualStudioVersion = 15.0.28307.645
MinimumVisualStudioVersion = 10.0.40219.1
Project("{6989167D-11E4-40FE-8C1A-2192A86A7E90}") = "MagneticForceIntegrator", "MagneticForceIntegrator\MagneticForceIntegrator.vfproj", "{29D23C66-59FB-4DB5-82EB-FA42BB059B55}"
EndProject
Global
	GlobalSection(SolutionConfigurationPlatforms) = preSolution
		Debug|x64 = Debug|x64
		Debug|x86 = Debug|x86
		Release|x64 = Release|x64
		Release|x86 = Release|x86
	EndGlobalSection
	GlobalSection(ProjectConfigurationPlatforms) = postSolution
		{29D23C66-59FB-4DB5-82EB-FA42BB059B55}.Debug|x64.ActiveCfg = Debug|x64
		{29D23C66-59FB-4DB5-82EB-FA42BB059B55}.Debug|x64.Build.0 = Debug|x64
		{29D23C66-59FB-4DB5-82EB-FA42BB059B55}.Debug|x86.ActiveCfg = Debug|Win32
		{29D23C66-59FB-4DB5-82EB-FA42BB059B55}.Debug|x86.Build.0 = Debug|Win32
		{29D23C66-59FB-4DB5-82EB-FA42BB059B55}.Release|x64.ActiveCfg = Release|x64
		{29D23C66-59FB-4DB5-82EB-FA42BB059B55}.Release|x64.Build.0 = Release|x64
		{29D23C66-59FB-4DB5-82EB-FA42BB059B55}.Release|x86.ActiveCfg = Release|Win32
		{29D23C66-59FB-4DB5-82EB-FA42BB059B55}.Release|x86.Build.0 = Release|Win32
	EndGlobalSection
	GlobalSection(SolutionProperties) = preSolution
		HideSolutionNode = FALSE
	EndGlobalSection
	GlobalSection(ExtensibilityGlobals) = postSolution
		SolutionGuid = {AF6624AC-1DFE-4C31-BCF8-736BCE9700C6}
	EndGlobalSection
EndGlobal
